
Microsoft Visual Studio Solution File, Format Version 12.00
# Visual Studio Version 17
VisualStudioVersion = 17.1.32228.430
MinimumVisualStudioVersion = 10.0.40219.1
Project("{FAE04EC0-301F-11D3-BF4B-00C04F79EFBC}") = "Discord-I.Rule-Suggestions-Bot", "Discord-I.Rule-Suggestions-Bot\Discord-I.Rule-Suggestions-Bot.csproj", "{1123B70C-0D86-49C8-8055-53B6C921D820}"
EndProject
Global
	GlobalSection(SolutionConfigurationPlatforms) = preSolution
		Debug|Any CPU = Debug|Any CPU
		Release|Any CPU = Release|Any CPU
	EndGlobalSection
	GlobalSection(ProjectConfigurationPlatforms) = postSolution
		{1123B70C-0D86-49C8-8055-53B6C921D820}.Debug|Any CPU.ActiveCfg = Debug|Any CPU
		{1123B70C-0D86-49C8-8055-53B6C921D820}.Debug|Any CPU.Build.0 = Debug|Any CPU
		{1123B70C-0D86-49C8-8055-53B6C921D820}.Release|Any CPU.ActiveCfg = Release|Any CPU
		{1123B70C-0D86-49C8-8055-53B6C921D820}.Release|Any CPU.Build.0 = Release|Any CPU
	EndGlobalSection
	GlobalSection(SolutionProperties) = preSolution
		HideSolutionNode = FALSE
	EndGlobalSection
	GlobalSection(ExtensibilityGlobals) = postSolution
		SolutionGuid = {13D58ADC-BE9A-4CBA-8AA4-45753A2CE0D1}
	EndGlobalSection
EndGlobal
